// !$*UTF8*$!
{
	archiveVersion = 1;
	classes = {
	};
	objectVersion = 46;
	objects = {

/* Begin PBXBuildFile section */
		630197301A5CC8E300F9C51C /* EColumnChart.m in Sources */ = {isa = PBXBuildFile; fileRef = 6301972F1A5CC8E300F9C51C /* EColumnChart.m */; };
		6301973B1A5CC90B00F9C51C /* EColor.m in Sources */ = {isa = PBXBuildFile; fileRef = 630197321A5CC90B00F9C51C /* EColor.m */; };
		6301973C1A5CC90B00F9C51C /* EColumn.m in Sources */ = {isa = PBXBuildFile; fileRef = 630197341A5CC90B00F9C51C /* EColumn.m */; };
		6301973D1A5CC90B00F9C51C /* EColumnChartLabel.m in Sources */ = {isa = PBXBuildFile; fileRef = 630197361A5CC90B00F9C51C /* EColumnChartLabel.m */; };
		6301973E1A5CC90B00F9C51C /* EColumnDataModel.m in Sources */ = {isa = PBXBuildFile; fileRef = 630197381A5CC90B00F9C51C /* EColumnDataModel.m */; };
		6301973F1A5CC90B00F9C51C /* EFloatBox.m in Sources */ = {isa = PBXBuildFile; fileRef = 6301973A1A5CC90B00F9C51C /* EFloatBox.m */; };
		6302E0691A52525D009BE5A2 /* device.png in Resources */ = {isa = PBXBuildFile; fileRef = 6302E0671A52525D009BE5A2 /* device.png */; };
		6302E06A1A52525D009BE5A2 /* device2.png in Resources */ = {isa = PBXBuildFile; fileRef = 6302E0681A52525D009BE5A2 /* device2.png */; };
		6302E06C1A5287C8009BE5A2 /* mydevice.png in Resources */ = {isa = PBXBuildFile; fileRef = 6302E06B1A5287C8009BE5A2 /* mydevice.png */; };
		6302E0711A52B369009BE5A2 /* welcome02.jpg in Resources */ = {isa = PBXBuildFile; fileRef = 6302E06E1A52B369009BE5A2 /* welcome02.jpg */; };
		6302E0721A52B369009BE5A2 /* welcome03.jpg in Resources */ = {isa = PBXBuildFile; fileRef = 6302E06F1A52B369009BE5A2 /* welcome03.jpg */; };
		6335A6D11A51103F00EBB6DA /* Foundation.framework in Frameworks */ = {isa = PBXBuildFile; fileRef = 6335A6D01A51103F00EBB6DA /* Foundation.framework */; };
		6335A6D31A51103F00EBB6DA /* CoreGraphics.framework in Frameworks */ = {isa = PBXBuildFile; fileRef = 6335A6D21A51103F00EBB6DA /* CoreGraphics.framework */; };
		6335A6D51A51104000EBB6DA /* UIKit.framework in Frameworks */ = {isa = PBXBuildFile; fileRef = 6335A6D41A51104000EBB6DA /* UIKit.framework */; };
		6335A6DB1A51104000EBB6DA /* InfoPlist.strings in Resources */ = {isa = PBXBuildFile; fileRef = 6335A6D91A51104000EBB6DA /* InfoPlist.strings */; };
		6335A6DD1A51104000EBB6DA /* main.m in Sources */ = {isa = PBXBuildFile; fileRef = 6335A6DC1A51104000EBB6DA /* main.m */; };
		6335A6E11A51104000EBB6DA /* YTAppDelegate.m in Sources */ = {isa = PBXBuildFile; fileRef = 6335A6E01A51104000EBB6DA /* YTAppDelegate.m */; };
		6335A6E41A51104000EBB6DA /* Main.storyboard in Resources */ = {isa = PBXBuildFile; fileRef = 6335A6E21A51104000EBB6DA /* Main.storyboard */; };
		6335A6E71A51104000EBB6DA /* YTViewController.m in Sources */ = {isa = PBXBuildFile; fileRef = 6335A6E61A51104000EBB6DA /* YTViewController.m */; };
		6335A6E91A51104000EBB6DA /* Images.xcassets in Resources */ = {isa = PBXBuildFile; fileRef = 6335A6E81A51104000EBB6DA /* Images.xcassets */; };
		6335A6F01A51104000EBB6DA /* XCTest.framework in Frameworks */ = {isa = PBXBuildFile; fileRef = 6335A6EF1A51104000EBB6DA /* XCTest.framework */; };
		6335A6F11A51104000EBB6DA /* Foundation.framework in Frameworks */ = {isa = PBXBuildFile; fileRef = 6335A6D01A51103F00EBB6DA /* Foundation.framework */; };
		6335A6F21A51104000EBB6DA /* UIKit.framework in Frameworks */ = {isa = PBXBuildFile; fileRef = 6335A6D41A51104000EBB6DA /* UIKit.framework */; };
		6335A6FA1A51104000EBB6DA /* InfoPlist.strings in Resources */ = {isa = PBXBuildFile; fileRef = 6335A6F81A51104000EBB6DA /* InfoPlist.strings */; };
		6335A6FC1A51104000EBB6DA /* YTCHOOHTests.m in Sources */ = {isa = PBXBuildFile; fileRef = 6335A6FB1A51104000EBB6DA /* YTCHOOHTests.m */; };
		6335A7071A5112A400EBB6DA /* welcome.jpg in Resources */ = {isa = PBXBuildFile; fileRef = 6335A7061A5112A400EBB6DA /* welcome.jpg */; };
		6335A7091A51146900EBB6DA /* login.jpg in Resources */ = {isa = PBXBuildFile; fileRef = 6335A7081A51146900EBB6DA /* login.jpg */; };
		6335A70D1A512E5200EBB6DA /* YTTabBarFirstViewController.m in Sources */ = {isa = PBXBuildFile; fileRef = 6335A70B1A512E5200EBB6DA /* YTTabBarFirstViewController.m */; };
		6335A70E1A512E5200EBB6DA /* YTTabBarFirstViewController.xib in Resources */ = {isa = PBXBuildFile; fileRef = 6335A70C1A512E5200EBB6DA /* YTTabBarFirstViewController.xib */; };
		6335A7121A512EC900EBB6DA /* YTTabBarSecondViewController.m in Sources */ = {isa = PBXBuildFile; fileRef = 6335A7101A512EC900EBB6DA /* YTTabBarSecondViewController.m */; };
		6335A7131A512EC900EBB6DA /* YTTabBarSecondViewController.xib in Resources */ = {isa = PBXBuildFile; fileRef = 6335A7111A512EC900EBB6DA /* YTTabBarSecondViewController.xib */; };
		6335A7171A512EE100EBB6DA /* YTTabBarThirdViewController.m in Sources */ = {isa = PBXBuildFile; fileRef = 6335A7151A512EE100EBB6DA /* YTTabBarThirdViewController.m */; };
		6335A7181A512EE100EBB6DA /* YTTabBarThirdViewController.xib in Resources */ = {isa = PBXBuildFile; fileRef = 6335A7161A512EE100EBB6DA /* YTTabBarThirdViewController.xib */; };
		63C47ADC1A56699D002B2428 /* YTRegisterViewController.m in Sources */ = {isa = PBXBuildFile; fileRef = 63C47ADA1A56699D002B2428 /* YTRegisterViewController.m */; };
		63C47ADD1A56699D002B2428 /* YTRegisterViewController.xib in Resources */ = {isa = PBXBuildFile; fileRef = 63C47ADB1A56699D002B2428 /* YTRegisterViewController.xib */; };
		63C47AE11A5669B2002B2428 /* YTForgetPwdViewController.m in Sources */ = {isa = PBXBuildFile; fileRef = 63C47ADF1A5669B2002B2428 /* YTForgetPwdViewController.m */; };
		63C47AE21A5669B2002B2428 /* YTForgetPwdViewController.xib in Resources */ = {isa = PBXBuildFile; fileRef = 63C47AE01A5669B2002B2428 /* YTForgetPwdViewController.xib */; };
		63C47AE41A566AC8002B2428 /* back.png in Resources */ = {isa = PBXBuildFile; fileRef = 63C47AE31A566AC8002B2428 /* back.png */; };
		63C47AE81A5679EE002B2428 /* YTRadioButton.m in Sources */ = {isa = PBXBuildFile; fileRef = 63C47AE71A5679EE002B2428 /* YTRadioButton.m */; };
		63C47AEF1A56C260002B2428 /* radio.png in Resources */ = {isa = PBXBuildFile; fileRef = 63C47AED1A56C260002B2428 /* radio.png */; };
		63C47AF01A56C260002B2428 /* unradio.png in Resources */ = {isa = PBXBuildFile; fileRef = 63C47AEE1A56C260002B2428 /* unradio.png */; };
		63C47AF71A57B157002B2428 /* YTUserProtocolViewController.m in Sources */ = {isa = PBXBuildFile; fileRef = 63C47AF51A57B157002B2428 /* YTUserProtocolViewController.m */; };
		63C47AF81A57B157002B2428 /* YTUserProtocolViewController.xib in Resources */ = {isa = PBXBuildFile; fileRef = 63C47AF61A57B157002B2428 /* YTUserProtocolViewController.xib */; };
		63C47AFB1A57B82C002B2428 /* YTKeyBoardTapBack.m in Sources */ = {isa = PBXBuildFile; fileRef = 63C47AFA1A57B82C002B2428 /* YTKeyBoardTapBack.m */; };
		63C47B031A57C528002B2428 /* YTMyDeviceViewController.m in Sources */ = {isa = PBXBuildFile; fileRef = 63C47B011A57C528002B2428 /* YTMyDeviceViewController.m */; };
		63C47B041A57C528002B2428 /* YTMyDeviceViewController.xib in Resources */ = {isa = PBXBuildFile; fileRef = 63C47B021A57C528002B2428 /* YTMyDeviceViewController.xib */; };
		63C47B071A57C5E2002B2428 /* add_device.png in Resources */ = {isa = PBXBuildFile; fileRef = 63C47B051A57C5E2002B2428 /* add_device.png */; };
		63C47B081A57C5E2002B2428 /* register_device.png in Resources */ = {isa = PBXBuildFile; fileRef = 63C47B061A57C5E2002B2428 /* register_device.png */; };
		63C47B0B1A57C794002B2428 /* yongtenglog_center.jpg in Resources */ = {isa = PBXBuildFile; fileRef = 63C47B091A57C794002B2428 /* yongtenglog_center.jpg */; };
		63C47B0C1A57C794002B2428 /* yongtenglogo_bottm.jpg in Resources */ = {isa = PBXBuildFile; fileRef = 63C47B0A1A57C794002B2428 /* yongtenglogo_bottm.jpg */; };
		63C47B101A57CB63002B2428 /* YTAddDeviceViewController.m in Sources */ = {isa = PBXBuildFile; fileRef = 63C47B0E1A57CB63002B2428 /* YTAddDeviceViewController.m */; };
		63C47B111A57CB63002B2428 /* YTAddDeviceViewController.xib in Resources */ = {isa = PBXBuildFile; fileRef = 63C47B0F1A57CB63002B2428 /* YTAddDeviceViewController.xib */; };
		63C47B131A57CDF2002B2428 /* register_have.jpg in Resources */ = {isa = PBXBuildFile; fileRef = 63C47B121A57CDF2002B2428 /* register_have.jpg */; };
		63C47B171A58FC07002B2428 /* YTRegisterDeviceViewController.m in Sources */ = {isa = PBXBuildFile; fileRef = 63C47B151A58FC07002B2428 /* YTRegisterDeviceViewController.m */; };
		63C47B181A58FC07002B2428 /* YTRegisterDeviceViewController.xib in Resources */ = {isa = PBXBuildFile; fileRef = 63C47B161A58FC07002B2428 /* YTRegisterDeviceViewController.xib */; };
		63C47B1A1A58FECF002B2428 /* register_equipment_notice.jpg in Resources */ = {isa = PBXBuildFile; fileRef = 63C47B191A58FECF002B2428 /* register_equipment_notice.jpg */; };
		63C47B621A59752E002B2428 /* PNLineChartView.m in Sources */ = {isa = PBXBuildFile; fileRef = 63C47B611A59752E002B2428 /* PNLineChartView.m */; };
		63C47B651A597608002B2428 /* PNPlot.m in Sources */ = {isa = PBXBuildFile; fileRef = 63C47B641A597608002B2428 /* PNPlot.m */; };
		63C4ECEE1A53C69B00F1AEE3 /* welcome01.jpg in Resources */ = {isa = PBXBuildFile; fileRef = 63C4ECED1A53C69B00F1AEE3 /* welcome01.jpg */; };
/* End PBXBuildFile section */

/* Begin PBXContainerItemProxy section */
		6335A6F31A51104000EBB6DA /* PBXContainerItemProxy */ = {
			isa = PBXContainerItemProxy;
			containerPortal = 6335A6C51A51103F00EBB6DA /* Project object */;
			proxyType = 1;
			remoteGlobalIDString = 6335A6CC1A51103F00EBB6DA;
			remoteInfo = YTCHOOH;
		};
/* End PBXContainerItemProxy section */

/* Begin PBXFileReference section */
		6301972E1A5CC8E300F9C51C /* EColumnChart.h */ = {isa = PBXFileReference; fileEncoding = 4; lastKnownFileType = sourcecode.c.h; path = EColumnChart.h; sourceTree = "<group>"; };
		6301972F1A5CC8E300F9C51C /* EColumnChart.m */ = {isa = PBXFileReference; fileEncoding = 4; lastKnownFileType = sourcecode.c.objc; path = EColumnChart.m; sourceTree = "<group>"; };
		630197311A5CC90B00F9C51C /* EColor.h */ = {isa = PBXFileReference; fileEncoding = 4; lastKnownFileType = sourcecode.c.h; path = EColor.h; sourceTree = "<group>"; };
		630197321A5CC90B00F9C51C /* EColor.m */ = {isa = PBXFileReference; fileEncoding = 4; lastKnownFileType = sourcecode.c.objc; path = EColor.m; sourceTree = "<group>"; };
		630197331A5CC90B00F9C51C /* EColumn.h */ = {isa = PBXFileReference; fileEncoding = 4; lastKnownFileType = sourcecode.c.h; path = EColumn.h; sourceTree = "<group>"; };
		630197341A5CC90B00F9C51C /* EColumn.m */ = {isa = PBXFileReference; fileEncoding = 4; lastKnownFileType = sourcecode.c.objc; path = EColumn.m; sourceTree = "<group>"; };
		630197351A5CC90B00F9C51C /* EColumnChartLabel.h */ = {isa = PBXFileReference; fileEncoding = 4; lastKnownFileType = sourcecode.c.h; path = EColumnChartLabel.h; sourceTree = "<group>"; };
		630197361A5CC90B00F9C51C /* EColumnChartLabel.m */ = {isa = PBXFileReference; fileEncoding = 4; lastKnownFileType = sourcecode.c.objc; path = EColumnChartLabel.m; sourceTree = "<group>"; };
		630197371A5CC90B00F9C51C /* EColumnDataModel.h */ = {isa = PBXFileReference; fileEncoding = 4; lastKnownFileType = sourcecode.c.h; path = EColumnDataModel.h; sourceTree = "<group>"; };
		630197381A5CC90B00F9C51C /* EColumnDataModel.m */ = {isa = PBXFileReference; fileEncoding = 4; lastKnownFileType = sourcecode.c.objc; path = EColumnDataModel.m; sourceTree = "<group>"; };
		630197391A5CC90B00F9C51C /* EFloatBox.h */ = {isa = PBXFileReference; fileEncoding = 4; lastKnownFileType = sourcecode.c.h; path = EFloatBox.h; sourceTree = "<group>"; };
		6301973A1A5CC90B00F9C51C /* EFloatBox.m */ = {isa = PBXFileReference; fileEncoding = 4; lastKnownFileType = sourcecode.c.objc; path = EFloatBox.m; sourceTree = "<group>"; };
		6302E0671A52525D009BE5A2 /* device.png */ = {isa = PBXFileReference; lastKnownFileType = image.png; path = device.png; sourceTree = "<group>"; };
		6302E0681A52525D009BE5A2 /* device2.png */ = {isa = PBXFileReference; lastKnownFileType = image.png; path = device2.png; sourceTree = "<group>"; };
		6302E06B1A5287C8009BE5A2 /* mydevice.png */ = {isa = PBXFileReference; lastKnownFileType = image.png; path = mydevice.png; sourceTree = "<group>"; };
		6302E06E1A52B369009BE5A2 /* welcome02.jpg */ = {isa = PBXFileReference; lastKnownFileType = image.jpeg; path = welcome02.jpg; sourceTree = "<group>"; };
		6302E06F1A52B369009BE5A2 /* welcome03.jpg */ = {isa = PBXFileReference; lastKnownFileType = image.jpeg; path = welcome03.jpg; sourceTree = "<group>"; };
		6335A6CD1A51103F00EBB6DA /* YTCHOOH.app */ = {isa = PBXFileReference; explicitFileType = wrapper.application; includeInIndex = 0; path = YTCHOOH.app; sourceTree = BUILT_PRODUCTS_DIR; };
		6335A6D01A51103F00EBB6DA /* Foundation.framework */ = {isa = PBXFileReference; lastKnownFileType = wrapper.framework; name = Foundation.framework; path = System/Library/Frameworks/Foundation.framework; sourceTree = SDKROOT; };
		6335A6D21A51103F00EBB6DA /* CoreGraphics.framework */ = {isa = PBXFileReference; lastKnownFileType = wrapper.framework; name = CoreGraphics.framework; path = System/Library/Frameworks/CoreGraphics.framework; sourceTree = SDKROOT; };
		6335A6D41A51104000EBB6DA /* UIKit.framework */ = {isa = PBXFileReference; lastKnownFileType = wrapper.framework; name = UIKit.framework; path = System/Library/Frameworks/UIKit.framework; sourceTree = SDKROOT; };
		6335A6D81A51104000EBB6DA /* YTCHOOH-Info.plist */ = {isa = PBXFileReference; lastKnownFileType = text.plist.xml; path = "YTCHOOH-Info.plist"; sourceTree = "<group>"; };
		6335A6DA1A51104000EBB6DA /* en */ = {isa = PBXFileReference; lastKnownFileType = text.plist.strings; name = en; path = en.lproj/InfoPlist.strings; sourceTree = "<group>"; };
		6335A6DC1A51104000EBB6DA /* main.m */ = {isa = PBXFileReference; lastKnownFileType = sourcecode.c.objc; path = main.m; sourceTree = "<group>"; };
		6335A6DE1A51104000EBB6DA /* YTCHOOH-Prefix.pch */ = {isa = PBXFileReference; lastKnownFileType = sourcecode.c.h; path = "YTCHOOH-Prefix.pch"; sourceTree = "<group>"; };
		6335A6DF1A51104000EBB6DA /* YTAppDelegate.h */ = {isa = PBXFileReference; lastKnownFileType = sourcecode.c.h; path = YTAppDelegate.h; sourceTree = "<group>"; };
		6335A6E01A51104000EBB6DA /* YTAppDelegate.m */ = {isa = PBXFileReference; lastKnownFileType = sourcecode.c.objc; path = YTAppDelegate.m; sourceTree = "<group>"; };
		6335A6E31A51104000EBB6DA /* Base */ = {isa = PBXFileReference; lastKnownFileType = file.storyboard; name = Base; path = Base.lproj/Main.storyboard; sourceTree = "<group>"; };
		6335A6E51A51104000EBB6DA /* YTViewController.h */ = {isa = PBXFileReference; lastKnownFileType = sourcecode.c.h; path = YTViewController.h; sourceTree = "<group>"; };
		6335A6E61A51104000EBB6DA /* YTViewController.m */ = {isa = PBXFileReference; lastKnownFileType = sourcecode.c.objc; path = YTViewController.m; sourceTree = "<group>"; };
		6335A6E81A51104000EBB6DA /* Images.xcassets */ = {isa = PBXFileReference; lastKnownFileType = folder.assetcatalog; path = Images.xcassets; sourceTree = "<group>"; };
		6335A6EE1A51104000EBB6DA /* YTCHOOHTests.xctest */ = {isa = PBXFileReference; explicitFileType = wrapper.cfbundle; includeInIndex = 0; path = YTCHOOHTests.xctest; sourceTree = BUILT_PRODUCTS_DIR; };
		6335A6EF1A51104000EBB6DA /* XCTest.framework */ = {isa = PBXFileReference; lastKnownFileType = wrapper.framework; name = XCTest.framework; path = Library/Frameworks/XCTest.framework; sourceTree = DEVELOPER_DIR; };
		6335A6F71A51104000EBB6DA /* YTCHOOHTests-Info.plist */ = {isa = PBXFileReference; lastKnownFileType = text.plist.xml; path = "YTCHOOHTests-Info.plist"; sourceTree = "<group>"; };
		6335A6F91A51104000EBB6DA /* en */ = {isa = PBXFileReference; lastKnownFileType = text.plist.strings; name = en; path = en.lproj/InfoPlist.strings; sourceTree = "<group>"; };
		6335A6FB1A51104000EBB6DA /* YTCHOOHTests.m */ = {isa = PBXFileReference; lastKnownFileType = sourcecode.c.objc; path = YTCHOOHTests.m; sourceTree = "<group>"; };
		6335A7061A5112A400EBB6DA /* welcome.jpg */ = {isa = PBXFileReference; lastKnownFileType = image.jpeg; path = welcome.jpg; sourceTree = "<group>"; };
		6335A7081A51146900EBB6DA /* login.jpg */ = {isa = PBXFileReference; lastKnownFileType = image.jpeg; path = login.jpg; sourceTree = "<group>"; };
		6335A70A1A512E5200EBB6DA /* YTTabBarFirstViewController.h */ = {isa = PBXFileReference; fileEncoding = 4; lastKnownFileType = sourcecode.c.h; path = YTTabBarFirstViewController.h; sourceTree = "<group>"; };
		6335A70B1A512E5200EBB6DA /* YTTabBarFirstViewController.m */ = {isa = PBXFileReference; fileEncoding = 4; lastKnownFileType = sourcecode.c.objc; path = YTTabBarFirstViewController.m; sourceTree = "<group>"; };
		6335A70C1A512E5200EBB6DA /* YTTabBarFirstViewController.xib */ = {isa = PBXFileReference; fileEncoding = 4; lastKnownFileType = file.xib; path = YTTabBarFirstViewController.xib; sourceTree = "<group>"; };
		6335A70F1A512EC900EBB6DA /* YTTabBarSecondViewController.h */ = {isa = PBXFileReference; fileEncoding = 4; lastKnownFileType = sourcecode.c.h; path = YTTabBarSecondViewController.h; sourceTree = "<group>"; };
		6335A7101A512EC900EBB6DA /* YTTabBarSecondViewController.m */ = {isa = PBXFileReference; fileEncoding = 4; lastKnownFileType = sourcecode.c.objc; path = YTTabBarSecondViewController.m; sourceTree = "<group>"; };
		6335A7111A512EC900EBB6DA /* YTTabBarSecondViewController.xib */ = {isa = PBXFileReference; fileEncoding = 4; lastKnownFileType = file.xib; path = YTTabBarSecondViewController.xib; sourceTree = "<group>"; };
		6335A7141A512EE100EBB6DA /* YTTabBarThirdViewController.h */ = {isa = PBXFileReference; fileEncoding = 4; lastKnownFileType = sourcecode.c.h; path = YTTabBarThirdViewController.h; sourceTree = "<group>"; };
		6335A7151A512EE100EBB6DA /* YTTabBarThirdViewController.m */ = {isa = PBXFileReference; fileEncoding = 4; lastKnownFileType = sourcecode.c.objc; path = YTTabBarThirdViewController.m; sourceTree = "<group>"; };
		6335A7161A512EE100EBB6DA /* YTTabBarThirdViewController.xib */ = {isa = PBXFileReference; fileEncoding = 4; lastKnownFileType = file.xib; path = YTTabBarThirdViewController.xib; sourceTree = "<group>"; };
		63C47AD91A56699D002B2428 /* YTRegisterViewController.h */ = {isa = PBXFileReference; fileEncoding = 4; lastKnownFileType = sourcecode.c.h; path = YTRegisterViewController.h; sourceTree = "<group>"; };
		63C47ADA1A56699D002B2428 /* YTRegisterViewController.m */ = {isa = PBXFileReference; fileEncoding = 4; lastKnownFileType = sourcecode.c.objc; path = YTRegisterViewController.m; sourceTree = "<group>"; };
		63C47ADB1A56699D002B2428 /* YTRegisterViewController.xib */ = {isa = PBXFileReference; fileEncoding = 4; lastKnownFileType = file.xib; path = YTRegisterViewController.xib; sourceTree = "<group>"; };
		63C47ADE1A5669B2002B2428 /* YTForgetPwdViewController.h */ = {isa = PBXFileReference; fileEncoding = 4; lastKnownFileType = sourcecode.c.h; path = YTForgetPwdViewController.h; sourceTree = "<group>"; };
		63C47ADF1A5669B2002B2428 /* YTForgetPwdViewController.m */ = {isa = PBXFileReference; fileEncoding = 4; lastKnownFileType = sourcecode.c.objc; path = YTForgetPwdViewController.m; sourceTree = "<group>"; };
		63C47AE01A5669B2002B2428 /* YTForgetPwdViewController.xib */ = {isa = PBXFileReference; fileEncoding = 4; lastKnownFileType = file.xib; path = YTForgetPwdViewController.xib; sourceTree = "<group>"; };
		63C47AE31A566AC8002B2428 /* back.png */ = {isa = PBXFileReference; lastKnownFileType = image.png; path = back.png; sourceTree = "<group>"; };
		63C47AE61A5679EE002B2428 /* YTRadioButton.h */ = {isa = PBXFileReference; fileEncoding = 4; lastKnownFileType = sourcecode.c.h; path = YTRadioButton.h; sourceTree = "<group>"; };
		63C47AE71A5679EE002B2428 /* YTRadioButton.m */ = {isa = PBXFileReference; fileEncoding = 4; lastKnownFileType = sourcecode.c.objc; path = YTRadioButton.m; sourceTree = "<group>"; };
		63C47AED1A56C260002B2428 /* radio.png */ = {isa = PBXFileReference; lastKnownFileType = image.png; path = radio.png; sourceTree = "<group>"; };
		63C47AEE1A56C260002B2428 /* unradio.png */ = {isa = PBXFileReference; lastKnownFileType = image.png; path = unradio.png; sourceTree = "<group>"; };
		63C47AF41A57B157002B2428 /* YTUserProtocolViewController.h */ = {isa = PBXFileReference; fileEncoding = 4; lastKnownFileType = sourcecode.c.h; path = YTUserProtocolViewController.h; sourceTree = "<group>"; };
		63C47AF51A57B157002B2428 /* YTUserProtocolViewController.m */ = {isa = PBXFileReference; fileEncoding = 4; lastKnownFileType = sourcecode.c.objc; path = YTUserProtocolViewController.m; sourceTree = "<group>"; };
		63C47AF61A57B157002B2428 /* YTUserProtocolViewController.xib */ = {isa = PBXFileReference; fileEncoding = 4; lastKnownFileType = file.xib; path = YTUserProtocolViewController.xib; sourceTree = "<group>"; };
		63C47AF91A57B82C002B2428 /* YTKeyBoardTapBack.h */ = {isa = PBXFileReference; fileEncoding = 4; lastKnownFileType = sourcecode.c.h; path = YTKeyBoardTapBack.h; sourceTree = "<group>"; };
		63C47AFA1A57B82C002B2428 /* YTKeyBoardTapBack.m */ = {isa = PBXFileReference; fileEncoding = 4; lastKnownFileType = sourcecode.c.objc; path = YTKeyBoardTapBack.m; sourceTree = "<group>"; };
		63C47B001A57C528002B2428 /* YTMyDeviceViewController.h */ = {isa = PBXFileReference; fileEncoding = 4; lastKnownFileType = sourcecode.c.h; path = YTMyDeviceViewController.h; sourceTree = "<group>"; };
		63C47B011A57C528002B2428 /* YTMyDeviceViewController.m */ = {isa = PBXFileReference; fileEncoding = 4; lastKnownFileType = sourcecode.c.objc; path = YTMyDeviceViewController.m; sourceTree = "<group>"; };
		63C47B021A57C528002B2428 /* YTMyDeviceViewController.xib */ = {isa = PBXFileReference; fileEncoding = 4; lastKnownFileType = file.xib; path = YTMyDeviceViewController.xib; sourceTree = "<group>"; };
		63C47B051A57C5E2002B2428 /* add_device.png */ = {isa = PBXFileReference; lastKnownFileType = image.png; path = add_device.png; sourceTree = "<group>"; };
		63C47B061A57C5E2002B2428 /* register_device.png */ = {isa = PBXFileReference; lastKnownFileType = image.png; path = register_device.png; sourceTree = "<group>"; };
		63C47B091A57C794002B2428 /* yongtenglog_center.jpg */ = {isa = PBXFileReference; lastKnownFileType = image.jpeg; path = yongtenglog_center.jpg; sourceTree = "<group>"; };
		63C47B0A1A57C794002B2428 /* yongtenglogo_bottm.jpg */ = {isa = PBXFileReference; lastKnownFileType = image.jpeg; path = yongtenglogo_bottm.jpg; sourceTree = "<group>"; };
		63C47B0D1A57CB63002B2428 /* YTAddDeviceViewController.h */ = {isa = PBXFileReference; fileEncoding = 4; lastKnownFileType = sourcecode.c.h; path = YTAddDeviceViewController.h; sourceTree = "<group>"; };
		63C47B0E1A57CB63002B2428 /* YTAddDeviceViewController.m */ = {isa = PBXFileReference; fileEncoding = 4; lastKnownFileType = sourcecode.c.objc; path = YTAddDeviceViewController.m; sourceTree = "<group>"; };
		63C47B0F1A57CB63002B2428 /* YTAddDeviceViewController.xib */ = {isa = PBXFileReference; fileEncoding = 4; lastKnownFileType = file.xib; path = YTAddDeviceViewController.xib; sourceTree = "<group>"; };
		63C47B121A57CDF2002B2428 /* register_have.jpg */ = {isa = PBXFileReference; lastKnownFileType = image.jpeg; path = register_have.jpg; sourceTree = "<group>"; };
		63C47B141A58FC07002B2428 /* YTRegisterDeviceViewController.h */ = {isa = PBXFileReference; fileEncoding = 4; lastKnownFileType = sourcecode.c.h; path = YTRegisterDeviceViewController.h; sourceTree = "<group>"; };
		63C47B151A58FC07002B2428 /* YTRegisterDeviceViewController.m */ = {isa = PBXFileReference; fileEncoding = 4; lastKnownFileType = sourcecode.c.objc; path = YTRegisterDeviceViewController.m; sourceTree = "<group>"; };
		63C47B161A58FC07002B2428 /* YTRegisterDeviceViewController.xib */ = {isa = PBXFileReference; fileEncoding = 4; lastKnownFileType = file.xib; path = YTRegisterDeviceViewController.xib; sourceTree = "<group>"; };
		63C47B191A58FECF002B2428 /* register_equipment_notice.jpg */ = {isa = PBXFileReference; lastKnownFileType = image.jpeg; path = register_equipment_notice.jpg; sourceTree = "<group>"; };
		63C47B601A59752E002B2428 /* PNLineChartView.h */ = {isa = PBXFileReference; fileEncoding = 4; lastKnownFileType = sourcecode.c.h; path = PNLineChartView.h; sourceTree = "<group>"; };
		63C47B611A59752E002B2428 /* PNLineChartView.m */ = {isa = PBXFileReference; fileEncoding = 4; lastKnownFileType = sourcecode.c.objc; path = PNLineChartView.m; sourceTree = "<group>"; };
		63C47B631A597608002B2428 /* PNPlot.h */ = {isa = PBXFileReference; fileEncoding = 4; lastKnownFileType = sourcecode.c.h; path = PNPlot.h; sourceTree = "<group>"; };
		63C47B641A597608002B2428 /* PNPlot.m */ = {isa = PBXFileReference; fileEncoding = 4; lastKnownFileType = sourcecode.c.objc; path = PNPlot.m; sourceTree = "<group>"; };
		63C4ECED1A53C69B00F1AEE3 /* welcome01.jpg */ = {isa = PBXFileReference; lastKnownFileType = image.jpeg; path = welcome01.jpg; sourceTree = "<group>"; };
/* End PBXFileReference section */

/* Begin PBXFrameworksBuildPhase section */
		6335A6CA1A51103F00EBB6DA /* Frameworks */ = {
			isa = PBXFrameworksBuildPhase;
			buildActionMask = 2147483647;
			files = (
				6335A6D31A51103F00EBB6DA /* CoreGraphics.framework in Frameworks */,
				6335A6D51A51104000EBB6DA /* UIKit.framework in Frameworks */,
				6335A6D11A51103F00EBB6DA /* Foundation.framework in Frameworks */,
			);
			runOnlyForDeploymentPostprocessing = 0;
		};
		6335A6EB1A51104000EBB6DA /* Frameworks */ = {
			isa = PBXFrameworksBuildPhase;
			buildActionMask = 2147483647;
			files = (
				6335A6F01A51104000EBB6DA /* XCTest.framework in Frameworks */,
				6335A6F21A51104000EBB6DA /* UIKit.framework in Frameworks */,
				6335A6F11A51104000EBB6DA /* Foundation.framework in Frameworks */,
			);
			runOnlyForDeploymentPostprocessing = 0;
		};
/* End PBXFrameworksBuildPhase section */

/* Begin PBXGroup section */
		6301972C1A5CC88800F9C51C /* Compnents */ = {
			isa = PBXGroup;
			children = (
				630197311A5CC90B00F9C51C /* EColor.h */,
				630197321A5CC90B00F9C51C /* EColor.m */,
				630197331A5CC90B00F9C51C /* EColumn.h */,
				630197341A5CC90B00F9C51C /* EColumn.m */,
				630197351A5CC90B00F9C51C /* EColumnChartLabel.h */,
				630197361A5CC90B00F9C51C /* EColumnChartLabel.m */,
				630197371A5CC90B00F9C51C /* EColumnDataModel.h */,
				630197381A5CC90B00F9C51C /* EColumnDataModel.m */,
				630197391A5CC90B00F9C51C /* EFloatBox.h */,
				6301973A1A5CC90B00F9C51C /* EFloatBox.m */,
			);
			name = Compnents;
			sourceTree = "<group>";
		};
		6301972D1A5CC89300F9C51C /* Charts */ = {
			isa = PBXGroup;
			children = (
				6301972E1A5CC8E300F9C51C /* EColumnChart.h */,
				6301972F1A5CC8E300F9C51C /* EColumnChart.m */,
			);
			name = Charts;
			sourceTree = "<group>";
		};
		6335A6C41A51103F00EBB6DA = {
			isa = PBXGroup;
			children = (
				6335A6D61A51104000EBB6DA /* YTCHOOH */,
				6335A6F51A51104000EBB6DA /* YTCHOOHTests */,
				6335A6CF1A51103F00EBB6DA /* Frameworks */,
				6335A6CE1A51103F00EBB6DA /* Products */,
			);
			sourceTree = "<group>";
		};
		6335A6CE1A51103F00EBB6DA /* Products */ = {
			isa = PBXGroup;
			children = (
				6335A6CD1A51103F00EBB6DA /* YTCHOOH.app */,
				6335A6EE1A51104000EBB6DA /* YTCHOOHTests.xctest */,
			);
			name = Products;
			sourceTree = "<group>";
		};
		6335A6CF1A51103F00EBB6DA /* Frameworks */ = {
			isa = PBXGroup;
			children = (
				6335A6D01A51103F00EBB6DA /* Foundation.framework */,
				6335A6D21A51103F00EBB6DA /* CoreGraphics.framework */,
				6335A6D41A51104000EBB6DA /* UIKit.framework */,
				6335A6EF1A51104000EBB6DA /* XCTest.framework */,
			);
			name = Frameworks;
			sourceTree = "<group>";
		};
		6335A6D61A51104000EBB6DA /* YTCHOOH */ = {
			isa = PBXGroup;
			children = (
				6301972D1A5CC89300F9C51C /* Charts */,
				6301972C1A5CC88800F9C51C /* Compnents */,
				63C47B5F1A5974EA002B2428 /* PNLineChart */,
				63C47AFC1A57C4EB002B2428 /* MyDevice */,
				63C47AE51A567957002B2428 /* Tool */,
				63C47AD81A566970002B2428 /* Home */,
				6335A6DF1A51104000EBB6DA /* YTAppDelegate.h */,
				6335A6E01A51104000EBB6DA /* YTAppDelegate.m */,
				6335A6E21A51104000EBB6DA /* Main.storyboard */,
				6335A6E51A51104000EBB6DA /* YTViewController.h */,
				6335A6E61A51104000EBB6DA /* YTViewController.m */,
				6335A6E81A51104000EBB6DA /* Images.xcassets */,
				6335A6D71A51104000EBB6DA /* Supporting Files */,
				6335A70A1A512E5200EBB6DA /* YTTabBarFirstViewController.h */,
				6335A70B1A512E5200EBB6DA /* YTTabBarFirstViewController.m */,
				6335A70C1A512E5200EBB6DA /* YTTabBarFirstViewController.xib */,
				6335A70F1A512EC900EBB6DA /* YTTabBarSecondViewController.h */,
				6335A7101A512EC900EBB6DA /* YTTabBarSecondViewController.m */,
				6335A7111A512EC900EBB6DA /* YTTabBarSecondViewController.xib */,
				6335A7141A512EE100EBB6DA /* YTTabBarThirdViewController.h */,
				6335A7151A512EE100EBB6DA /* YTTabBarThirdViewController.m */,
				6335A7161A512EE100EBB6DA /* YTTabBarThirdViewController.xib */,
			);
			path = YTCHOOH;
			sourceTree = "<group>";
		};
		6335A6D71A51104000EBB6DA /* Supporting Files */ = {
			isa = PBXGroup;
			children = (
				6335A7051A51126600EBB6DA /* image */,
				6335A6D81A51104000EBB6DA /* YTCHOOH-Info.plist */,
				6335A6D91A51104000EBB6DA /* InfoPlist.strings */,
				6335A6DC1A51104000EBB6DA /* main.m */,
				6335A6DE1A51104000EBB6DA /* YTCHOOH-Prefix.pch */,
			);
			name = "Supporting Files";
			sourceTree = "<group>";
		};
		6335A6F51A51104000EBB6DA /* YTCHOOHTests */ = {
			isa = PBXGroup;
			children = (
				6335A6FB1A51104000EBB6DA /* YTCHOOHTests.m */,
				6335A6F61A51104000EBB6DA /* Supporting Files */,
			);
			path = YTCHOOHTests;
			sourceTree = "<group>";
		};
		6335A6F61A51104000EBB6DA /* Supporting Files */ = {
			isa = PBXGroup;
			children = (
				6335A6F71A51104000EBB6DA /* YTCHOOHTests-Info.plist */,
				6335A6F81A51104000EBB6DA /* InfoPlist.strings */,
			);
			name = "Supporting Files";
			sourceTree = "<group>";
		};
		6335A7051A51126600EBB6DA /* image */ = {
			isa = PBXGroup;
			children = (
				63C47B191A58FECF002B2428 /* register_equipment_notice.jpg */,
				63C47B091A57C794002B2428 /* yongtenglog_center.jpg */,
				63C47B0A1A57C794002B2428 /* yongtenglogo_bottm.jpg */,
				63C47B051A57C5E2002B2428 /* add_device.png */,
				63C47B061A57C5E2002B2428 /* register_device.png */,
				63C47AED1A56C260002B2428 /* radio.png */,
				63C47AEE1A56C260002B2428 /* unradio.png */,
				63C47AE31A566AC8002B2428 /* back.png */,
				63C4ECED1A53C69B00F1AEE3 /* welcome01.jpg */,
				6302E06E1A52B369009BE5A2 /* welcome02.jpg */,
				6302E06F1A52B369009BE5A2 /* welcome03.jpg */,
				6302E06B1A5287C8009BE5A2 /* mydevice.png */,
				6302E0671A52525D009BE5A2 /* device.png */,
				6302E0681A52525D009BE5A2 /* device2.png */,
				6335A7081A51146900EBB6DA /* login.jpg */,
				6335A7061A5112A400EBB6DA /* welcome.jpg */,
			);
			name = image;
			sourceTree = "<group>";
		};
		63C47AD81A566970002B2428 /* Home */ = {
			isa = PBXGroup;
			children = (
				63C47B121A57CDF2002B2428 /* register_have.jpg */,
				63C47AD91A56699D002B2428 /* YTRegisterViewController.h */,
				63C47ADA1A56699D002B2428 /* YTRegisterViewController.m */,
				63C47ADB1A56699D002B2428 /* YTRegisterViewController.xib */,
				63C47ADE1A5669B2002B2428 /* YTForgetPwdViewController.h */,
				63C47ADF1A5669B2002B2428 /* YTForgetPwdViewController.m */,
				63C47AE01A5669B2002B2428 /* YTForgetPwdViewController.xib */,
				63C47AF41A57B157002B2428 /* YTUserProtocolViewController.h */,
				63C47AF51A57B157002B2428 /* YTUserProtocolViewController.m */,
				63C47AF61A57B157002B2428 /* YTUserProtocolViewController.xib */,
			);
			name = Home;
			sourceTree = "<group>";
		};
		63C47AE51A567957002B2428 /* Tool */ = {
			isa = PBXGroup;
			children = (
				63C47AE61A5679EE002B2428 /* YTRadioButton.h */,
				63C47AE71A5679EE002B2428 /* YTRadioButton.m */,
				63C47AF91A57B82C002B2428 /* YTKeyBoardTapBack.h */,
				63C47AFA1A57B82C002B2428 /* YTKeyBoardTapBack.m */,
			);
			name = Tool;
			sourceTree = "<group>";
		};
		63C47AFC1A57C4EB002B2428 /* MyDevice */ = {
			isa = PBXGroup;
			children = (
				63C47B001A57C528002B2428 /* YTMyDeviceViewController.h */,
				63C47B011A57C528002B2428 /* YTMyDeviceViewController.m */,
				63C47B021A57C528002B2428 /* YTMyDeviceViewController.xib */,
				63C47B0D1A57CB63002B2428 /* YTAddDeviceViewController.h */,
				63C47B0E1A57CB63002B2428 /* YTAddDeviceViewController.m */,
				63C47B0F1A57CB63002B2428 /* YTAddDeviceViewController.xib */,
				63C47B141A58FC07002B2428 /* YTRegisterDeviceViewController.h */,
				63C47B151A58FC07002B2428 /* YTRegisterDeviceViewController.m */,
				63C47B161A58FC07002B2428 /* YTRegisterDeviceViewController.xib */,
			);
			name = MyDevice;
			sourceTree = "<group>";
		};
		63C47B5F1A5974EA002B2428 /* PNLineChart */ = {
			isa = PBXGroup;
			children = (
				63C47B601A59752E002B2428 /* PNLineChartView.h */,
				63C47B611A59752E002B2428 /* PNLineChartView.m */,
				63C47B631A597608002B2428 /* PNPlot.h */,
				63C47B641A597608002B2428 /* PNPlot.m */,
			);
			name = PNLineChart;
			sourceTree = "<group>";
		};
/* End PBXGroup section */

/* Begin PBXNativeTarget section */
		6335A6CC1A51103F00EBB6DA /* YTCHOOH */ = {
			isa = PBXNativeTarget;
			buildConfigurationList = 6335A6FF1A51104000EBB6DA /* Build configuration list for PBXNativeTarget "YTCHOOH" */;
			buildPhases = (
				6335A6C91A51103F00EBB6DA /* Sources */,
				6335A6CA1A51103F00EBB6DA /* Frameworks */,
				6335A6CB1A51103F00EBB6DA /* Resources */,
			);
			buildRules = (
			);
			dependencies = (
			);
			name = YTCHOOH;
			productName = YTCHOOH;
			productReference = 6335A6CD1A51103F00EBB6DA /* YTCHOOH.app */;
			productType = "com.apple.product-type.application";
		};
		6335A6ED1A51104000EBB6DA /* YTCHOOHTests */ = {
			isa = PBXNativeTarget;
			buildConfigurationList = 6335A7021A51104000EBB6DA /* Build configuration list for PBXNativeTarget "YTCHOOHTests" */;
			buildPhases = (
				6335A6EA1A51104000EBB6DA /* Sources */,
				6335A6EB1A51104000EBB6DA /* Frameworks */,
				6335A6EC1A51104000EBB6DA /* Resources */,
			);
			buildRules = (
			);
			dependencies = (
				6335A6F41A51104000EBB6DA /* PBXTargetDependency */,
			);
			name = YTCHOOHTests;
			productName = YTCHOOHTests;
			productReference = 6335A6EE1A51104000EBB6DA /* YTCHOOHTests.xctest */;
			productType = "com.apple.product-type.bundle.unit-test";
		};
/* End PBXNativeTarget section */

/* Begin PBXProject section */
		6335A6C51A51103F00EBB6DA /* Project object */ = {
			isa = PBXProject;
			attributes = {
				CLASSPREFIX = YT;
				LastUpgradeCheck = 0500;
				ORGANIZATIONNAME = ifox;
				TargetAttributes = {
					6335A6ED1A51104000EBB6DA = {
						TestTargetID = 6335A6CC1A51103F00EBB6DA;
					};
				};
			};
			buildConfigurationList = 6335A6C81A51103F00EBB6DA /* Build configuration list for PBXProject "YTCHOOH" */;
			compatibilityVersion = "Xcode 3.2";
			developmentRegion = English;
			hasScannedForEncodings = 0;
			knownRegions = (
				en,
				Base,
			);
			mainGroup = 6335A6C41A51103F00EBB6DA;
			productRefGroup = 6335A6CE1A51103F00EBB6DA /* Products */;
			projectDirPath = "";
			projectRoot = "";
			targets = (
				6335A6CC1A51103F00EBB6DA /* YTCHOOH */,
				6335A6ED1A51104000EBB6DA /* YTCHOOHTests */,
			);
		};
/* End PBXProject section */

/* Begin PBXResourcesBuildPhase section */
		6335A6CB1A51103F00EBB6DA /* Resources */ = {
			isa = PBXResourcesBuildPhase;
			buildActionMask = 2147483647;
			files = (
				63C47B181A58FC07002B2428 /* YTRegisterDeviceViewController.xib in Resources */,
				63C47AF81A57B157002B2428 /* YTUserProtocolViewController.xib in Resources */,
				63C47B081A57C5E2002B2428 /* register_device.png in Resources */,
				63C4ECEE1A53C69B00F1AEE3 /* welcome01.jpg in Resources */,
				63C47B041A57C528002B2428 /* YTMyDeviceViewController.xib in Resources */,
				63C47AEF1A56C260002B2428 /* radio.png in Resources */,
				6302E0711A52B369009BE5A2 /* welcome02.jpg in Resources */,
				63C47AF01A56C260002B2428 /* unradio.png in Resources */,
				6302E0721A52B369009BE5A2 /* welcome03.jpg in Resources */,
				6335A7071A5112A400EBB6DA /* welcome.jpg in Resources */,
				6335A6E91A51104000EBB6DA /* Images.xcassets in Resources */,
				6302E06A1A52525D009BE5A2 /* device2.png in Resources */,
				63C47B131A57CDF2002B2428 /* register_have.jpg in Resources */,
				6335A6DB1A51104000EBB6DA /* InfoPlist.strings in Resources */,
				63C47B1A1A58FECF002B2428 /* register_equipment_notice.jpg in Resources */,
				63C47B071A57C5E2002B2428 /* add_device.png in Resources */,
				6302E0691A52525D009BE5A2 /* device.png in Resources */,
				6335A7181A512EE100EBB6DA /* YTTabBarThirdViewController.xib in Resources */,
				63C47AE41A566AC8002B2428 /* back.png in Resources */,
				63C47ADD1A56699D002B2428 /* YTRegisterViewController.xib in Resources */,
				63C47B111A57CB63002B2428 /* YTAddDeviceViewController.xib in Resources */,
				6335A7131A512EC900EBB6DA /* YTTabBarSecondViewController.xib in Resources */,
				63C47B0B1A57C794002B2428 /* yongtenglog_center.jpg in Resources */,
				6335A6E41A51104000EBB6DA /* Main.storyboard in Resources */,
				63C47AE21A5669B2002B2428 /* YTForgetPwdViewController.xib in Resources */,
				6335A70E1A512E5200EBB6DA /* YTTabBarFirstViewController.xib in Resources */,
				63C47B0C1A57C794002B2428 /* yongtenglogo_bottm.jpg in Resources */,
				6335A7091A51146900EBB6DA /* login.jpg in Resources */,
				6302E06C1A5287C8009BE5A2 /* mydevice.png in Resources */,
			);
			runOnlyForDeploymentPostprocessing = 0;
		};
		6335A6EC1A51104000EBB6DA /* Resources */ = {
			isa = PBXResourcesBuildPhase;
			buildActionMask = 2147483647;
			files = (
				6335A6FA1A51104000EBB6DA /* InfoPlist.strings in Resources */,
			);
			runOnlyForDeploymentPostprocessing = 0;
		};
/* End PBXResourcesBuildPhase section */

/* Begin PBXSourcesBuildPhase section */
		6335A6C91A51103F00EBB6DA /* Sources */ = {
			isa = PBXSourcesBuildPhase;
			buildActionMask = 2147483647;
			files = (
				63C47B651A597608002B2428 /* PNPlot.m in Sources */,
				6335A70D1A512E5200EBB6DA /* YTTabBarFirstViewController.m in Sources */,
				6301973E1A5CC90B00F9C51C /* EColumnDataModel.m in Sources */,
				6335A7171A512EE100EBB6DA /* YTTabBarThirdViewController.m in Sources */,
				63C47ADC1A56699D002B2428 /* YTRegisterViewController.m in Sources */,
				63C47B031A57C528002B2428 /* YTMyDeviceViewController.m in Sources */,
				63C47B171A58FC07002B2428 /* YTRegisterDeviceViewController.m in Sources */,
				6335A6E71A51104000EBB6DA /* YTViewController.m in Sources */,
				63C47B621A59752E002B2428 /* PNLineChartView.m in Sources */,
				63C47AE11A5669B2002B2428 /* YTForgetPwdViewController.m in Sources */,
				63C47B101A57CB63002B2428 /* YTAddDeviceViewController.m in Sources */,
				6301973C1A5CC90B00F9C51C /* EColumn.m in Sources */,
				6301973D1A5CC90B00F9C51C /* EColumnChartLabel.m in Sources */,
				6335A6DD1A51104000EBB6DA /* main.m in Sources */,
				6301973B1A5CC90B00F9C51C /* EColor.m in Sources */,
				63C47AF71A57B157002B2428 /* YTUserProtocolViewController.m in Sources */,
				630197301A5CC8E300F9C51C /* EColumnChart.m in Sources */,
				63C47AE81A5679EE002B2428 /* YTRadioButton.m in Sources */,
				6301973F1A5CC90B00F9C51C /* EFloatBox.m in Sources */,
				63C47AFB1A57B82C002B2428 /* YTKeyBoardTapBack.m in Sources */,
				6335A7121A512EC900EBB6DA /* YTTabBarSecondViewController.m in Sources */,
				6335A6E11A51104000EBB6DA /* YTAppDelegate.m in Sources */,
			);
			runOnlyForDeploymentPostprocessing = 0;
		};
		6335A6EA1A51104000EBB6DA /* Sources */ = {
			isa = PBXSourcesBuildPhase;
			buildActionMask = 2147483647;
			files = (
				6335A6FC1A51104000EBB6DA /* YTCHOOHTests.m in Sources */,
			);
			runOnlyForDeploymentPostprocessing = 0;
		};
/* End PBXSourcesBuildPhase section */

/* Begin PBXTargetDependency section */
		6335A6F41A51104000EBB6DA /* PBXTargetDependency */ = {
			isa = PBXTargetDependency;
			target = 6335A6CC1A51103F00EBB6DA /* YTCHOOH */;
			targetProxy = 6335A6F31A51104000EBB6DA /* PBXContainerItemProxy */;
		};
/* End PBXTargetDependency section */

/* Begin PBXVariantGroup section */
		6335A6D91A51104000EBB6DA /* InfoPlist.strings */ = {
			isa = PBXVariantGroup;
			children = (
				6335A6DA1A51104000EBB6DA /* en */,
			);
			name = InfoPlist.strings;
			sourceTree = "<group>";
		};
		6335A6E21A51104000EBB6DA /* Main.storyboard */ = {
			isa = PBXVariantGroup;
			children = (
				6335A6E31A51104000EBB6DA /* Base */,
			);
			name = Main.storyboard;
			sourceTree = "<group>";
		};
		6335A6F81A51104000EBB6DA /* InfoPlist.strings */ = {
			isa = PBXVariantGroup;
			children = (
				6335A6F91A51104000EBB6DA /* en */,
			);
			name = InfoPlist.strings;
			sourceTree = "<group>";
		};
/* End PBXVariantGroup section */

/* Begin XCBuildConfiguration section */
		6335A6FD1A51104000EBB6DA /* Debug */ = {
			isa = XCBuildConfiguration;
			buildSettings = {
				ALWAYS_SEARCH_USER_PATHS = NO;
				ARCHS = "$(ARCHS_STANDARD_INCLUDING_64_BIT)";
				CLANG_CXX_LANGUAGE_STANDARD = "gnu++0x";
				CLANG_CXX_LIBRARY = "libc++";
				CLANG_ENABLE_MODULES = YES;
				CLANG_ENABLE_OBJC_ARC = YES;
				CLANG_WARN_BOOL_CONVERSION = YES;
				CLANG_WARN_CONSTANT_CONVERSION = YES;
				CLANG_WARN_DIRECT_OBJC_ISA_USAGE = YES_ERROR;
				CLANG_WARN_EMPTY_BODY = YES;
				CLANG_WARN_ENUM_CONVERSION = YES;
				CLANG_WARN_INT_CONVERSION = YES;
				CLANG_WARN_OBJC_ROOT_CLASS = YES_ERROR;
				CLANG_WARN__DUPLICATE_METHOD_MATCH = YES;
				"CODE_SIGN_IDENTITY[sdk=iphoneos*]" = "iPhone Developer";
				COPY_PHASE_STRIP = NO;
				GCC_C_LANGUAGE_STANDARD = gnu99;
				GCC_DYNAMIC_NO_PIC = NO;
				GCC_OPTIMIZATION_LEVEL = 0;
				GCC_PREPROCESSOR_DEFINITIONS = (
					"DEBUG=1",
					"$(inherited)",
				);
				GCC_SYMBOLS_PRIVATE_EXTERN = NO;
				GCC_WARN_64_TO_32_BIT_CONVERSION = YES;
				GCC_WARN_ABOUT_RETURN_TYPE = YES_ERROR;
				GCC_WARN_UNDECLARED_SELECTOR = YES;
				GCC_WARN_UNINITIALIZED_AUTOS = YES;
				GCC_WARN_UNUSED_FUNCTION = YES;
				GCC_WARN_UNUSED_VARIABLE = YES;
				IPHONEOS_DEPLOYMENT_TARGET = 7.0;
				ONLY_ACTIVE_ARCH = YES;
				SDKROOT = iphoneos;
			};
			name = Debug;
		};
		6335A6FE1A51104000EBB6DA /* Release */ = {
			isa = XCBuildConfiguration;
			buildSettings = {
				ALWAYS_SEARCH_USER_PATHS = NO;
				ARCHS = "$(ARCHS_STANDARD_INCLUDING_64_BIT)";
				CLANG_CXX_LANGUAGE_STANDARD = "gnu++0x";
				CLANG_CXX_LIBRARY = "libc++";
				CLANG_ENABLE_MODULES = YES;
				CLANG_ENABLE_OBJC_ARC = YES;
				CLANG_WARN_BOOL_CONVERSION = YES;
				CLANG_WARN_CONSTANT_CONVERSION = YES;
				CLANG_WARN_DIRECT_OBJC_ISA_USAGE = YES_ERROR;
				CLANG_WARN_EMPTY_BODY = YES;
				CLANG_WARN_ENUM_CONVERSION = YES;
				CLANG_WARN_INT_CONVERSION = YES;
				CLANG_WARN_OBJC_ROOT_CLASS = YES_ERROR;
				CLANG_WARN__DUPLICATE_METHOD_MATCH = YES;
				"CODE_SIGN_IDENTITY[sdk=iphoneos*]" = "iPhone Developer";
				COPY_PHASE_STRIP = YES;
				ENABLE_NS_ASSERTIONS = NO;
				GCC_C_LANGUAGE_STANDARD = gnu99;
				GCC_WARN_64_TO_32_BIT_CONVERSION = YES;
				GCC_WARN_ABOUT_RETURN_TYPE = YES_ERROR;
				GCC_WARN_UNDECLARED_SELECTOR = YES;
				GCC_WARN_UNINITIALIZED_AUTOS = YES;
				GCC_WARN_UNUSED_FUNCTION = YES;
				GCC_WARN_UNUSED_VARIABLE = YES;
				IPHONEOS_DEPLOYMENT_TARGET = 7.0;
				SDKROOT = iphoneos;
				VALIDATE_PRODUCT = YES;
			};
			name = Release;
		};
		6335A7001A51104000EBB6DA /* Debug */ = {
			isa = XCBuildConfiguration;
			buildSettings = {
				ASSETCATALOG_COMPILER_APPICON_NAME = AppIcon;
				ASSETCATALOG_COMPILER_LAUNCHIMAGE_NAME = LaunchImage;
				GCC_PRECOMPILE_PREFIX_HEADER = YES;
				GCC_PREFIX_HEADER = "YTCHOOH/YTCHOOH-Prefix.pch";
				INFOPLIST_FILE = "YTCHOOH/YTCHOOH-Info.plist";
				PRODUCT_NAME = "$(TARGET_NAME)";
				WRAPPER_EXTENSION = app;
			};
			name = Debug;
		};
		6335A7011A51104000EBB6DA /* Release */ = {
			isa = XCBuildConfiguration;
			buildSettings = {
				ASSETCATALOG_COMPILER_APPICON_NAME = AppIcon;
				ASSETCATALOG_COMPILER_LAUNCHIMAGE_NAME = LaunchImage;
				GCC_PRECOMPILE_PREFIX_HEADER = YES;
				GCC_PREFIX_HEADER = "YTCHOOH/YTCHOOH-Prefix.pch";
				INFOPLIST_FILE = "YTCHOOH/YTCHOOH-Info.plist";
				PRODUCT_NAME = "$(TARGET_NAME)";
				WRAPPER_EXTENSION = app;
			};
			name = Release;
		};
		6335A7031A51104000EBB6DA /* Debug */ = {
			isa = XCBuildConfiguration;
			buildSettings = {
				ARCHS = "$(ARCHS_STANDARD_INCLUDING_64_BIT)";
				BUNDLE_LOADER = "$(BUILT_PRODUCTS_DIR)/YTCHOOH.app/YTCHOOH";
				FRAMEWORK_SEARCH_PATHS = (
					"$(SDKROOT)/Developer/Library/Frameworks",
					"$(inherited)",
					"$(DEVELOPER_FRAMEWORKS_DIR)",
				);
				GCC_PRECOMPILE_PREFIX_HEADER = YES;
				GCC_PREFIX_HEADER = "YTCHOOH/YTCHOOH-Prefix.pch";
				GCC_PREPROCESSOR_DEFINITIONS = (
					"DEBUG=1",
					"$(inherited)",
				);
				INFOPLIST_FILE = "YTCHOOHTests/YTCHOOHTests-Info.plist";
				PRODUCT_NAME = "$(TARGET_NAME)";
				TEST_HOST = "$(BUNDLE_LOADER)";
				WRAPPER_EXTENSION = xctest;
			};
			name = Debug;
		};
		6335A7041A51104000EBB6DA /* Release */ = {
			isa = XCBuildConfiguration;
			buildSettings = {
				ARCHS = "$(ARCHS_STANDARD_INCLUDING_64_BIT)";
				BUNDLE_LOADER = "$(BUILT_PRODUCTS_DIR)/YTCHOOH.app/YTCHOOH";
				FRAMEWORK_SEARCH_PATHS = (
					"$(SDKROOT)/Developer/Library/Frameworks",
					"$(inherited)",
					"$(DEVELOPER_FRAMEWORKS_DIR)",
				);
				GCC_PRECOMPILE_PREFIX_HEADER = YES;
				GCC_PREFIX_HEADER = "YTCHOOH/YTCHOOH-Prefix.pch";
				INFOPLIST_FILE = "YTCHOOHTests/YTCHOOHTests-Info.plist";
				PRODUCT_NAME = "$(TARGET_NAME)";
				TEST_HOST = "$(BUNDLE_LOADER)";
				WRAPPER_EXTENSION = xctest;
			};
			name = Release;
		};
/* End XCBuildConfiguration section */

/* Begin XCConfigurationList section */
		6335A6C81A51103F00EBB6DA /* Build configuration list for PBXProject "YTCHOOH" */ = {
			isa = XCConfigurationList;
			buildConfigurations = (
				6335A6FD1A51104000EBB6DA /* Debug */,
				6335A6FE1A51104000EBB6DA /* Release */,
			);
			defaultConfigurationIsVisible = 0;
			defaultConfigurationName = Release;
		};
		6335A6FF1A51104000EBB6DA /* Build configuration list for PBXNativeTarget "YTCHOOH" */ = {
			isa = XCConfigurationList;
			buildConfigurations = (
				6335A7001A51104000EBB6DA /* Debug */,
				6335A7011A51104000EBB6DA /* Release */,
			);
			defaultConfigurationIsVisible = 0;
			defaultConfigurationName = Release;
		};
		6335A7021A51104000EBB6DA /* Build configuration list for PBXNativeTarget "YTCHOOHTests" */ = {
			isa = XCConfigurationList;
			buildConfigurations = (
				6335A7031A51104000EBB6DA /* Debug */,
				6335A7041A51104000EBB6DA /* Release */,
			);
			defaultConfigurationIsVisible = 0;
			defaultConfigurationName = Release;
		};
/* End XCConfigurationList section */
	};
	rootObject = 6335A6C51A51103F00EBB6DA /* Project object */;
}
